PODS:
  - Expecta (1.0.0)
  - KIF (3.2.1):
    - KIF/XCTest (= 3.2.1)
  - KIF/XCTest (3.2.1)
  - Specta (1.0.0)

DEPENDENCIES:
  - Expecta
  - KIF (~> 3.0)
  - Specta

SPEC CHECKSUMS:
  Expecta: 32604574add2c46a36f8d2f716b6c5736eb75024
  KIF: ef1691e54e1d969c3b4fd0b5b56a3d7ddf37f216
  Specta: 96fe05fe5c7348b5223f85e862904f6e832abb14

COCOAPODS: 0.37.0
